
Microsoft Visual Studio Solution File, Format Version 12.00
# Visual Studio 15
VisualStudioVersion = 15.0.26730.16
MinimumVisualStudioVersion = 10.0.40219.1
Project("{FAE04EC0-301F-11D3-BF4B-00C04F79EFBC}") = "ClassroomExample", "ClassroomExample\ClassroomExample.csproj", "{C2640864-CEDD-4744-915C-D265CDE6CBD8}"
EndProject
Global
	GlobalSection(SolutionConfigurationPlatforms) = preSolution
		Debug|Any CPU = Debug|Any CPU
		Release|Any CPU = Release|Any CPU
	EndGlobalSection
	GlobalSection(ProjectConfigurationPlatforms) = postSolution
		{C2640864-CEDD-4744-915C-D265CDE6CBD8}.Debug|Any CPU.ActiveCfg = Debug|Any CPU
		{C2640864-CEDD-4744-915C-D265CDE6CBD8}.Debug|Any CPU.Build.0 = Debug|Any CPU
		{C2640864-CEDD-4744-915C-D265CDE6CBD8}.Release|Any CPU.ActiveCfg = Release|Any CPU
		{C2640864-CEDD-4744-915C-D265CDE6CBD8}.Release|Any CPU.Build.0 = Release|Any CPU
	EndGlobalSection
	GlobalSection(SolutionProperties) = preSolution
		HideSolutionNode = FALSE
	EndGlobalSection
	GlobalSection(ExtensibilityGlobals) = postSolution
		SolutionGuid = {D0B469FA-C001-4E18-A2EB-2C33C7FF034C}
	EndGlobalSection
EndGlobal
